// !$*UTF8*$!
{
	archiveVersion = 1;
	classes = {
	};
	objectVersion = 50;
	objects = {

/* Begin PBXBuildFile section */
		3E4008A32586370600A8D48B /* AppDelegate.swift in Sources */ = {isa = PBXBuildFile; fileRef = 3E4008A22586370600A8D48B /* AppDelegate.swift */; };
		3E4008A72586370600A8D48B /* ViewController.swift in Sources */ = {isa = PBXBuildFile; fileRef = 3E4008A62586370600A8D48B /* ViewController.swift */; };
		3E4008AA2586370600A8D48B /* Main.storyboard in Resources */ = {isa = PBXBuildFile; fileRef = 3E4008A82586370600A8D48B /* Main.storyboard */; };
		3E4008AC2586370900A8D48B /* Assets.xcassets in Resources */ = {isa = PBXBuildFile; fileRef = 3E4008AB2586370900A8D48B /* Assets.xcassets */; };
		3E4008AF2586370900A8D48B /* LaunchScreen.storyboard in Resources */ = {isa = PBXBuildFile; fileRef = 3E4008AD2586370900A8D48B /* LaunchScreen.storyboard */; };
		3E4008E42586571900A8D48B /* AllChordsData.swift in Sources */ = {isa = PBXBuildFile; fileRef = 3E4008E32586571900A8D48B /* AllChordsData.swift */; };
		3E4008EB25865A7800A8D48B /* NetworkController.swift in Sources */ = {isa = PBXBuildFile; fileRef = 3E4008EA25865A7800A8D48B /* NetworkController.swift */; };
		3E4008EE25865BE900A8D48B /* TextualError.swift in Sources */ = {isa = PBXBuildFile; fileRef = 3E4008ED25865BE900A8D48B /* TextualError.swift */; };
		3E4008F125865EDA00A8D48B /* PickerChordsData.swift in Sources */ = {isa = PBXBuildFile; fileRef = 3E4008F025865EDA00A8D48B /* PickerChordsData.swift */; };
		3E4008FD2586622600A8D48B /* AlertErrorHandler.swift in Sources */ = {isa = PBXBuildFile; fileRef = 3E4008FC2586622600A8D48B /* AlertErrorHandler.swift */; };
		3E4009002586635600A8D48B /* ModelProvider.swift in Sources */ = {isa = PBXBuildFile; fileRef = 3E4008FF2586635600A8D48B /* ModelProvider.swift */; };
		3E40090325866D7200A8D48B /* Array+safe.swift in Sources */ = {isa = PBXBuildFile; fileRef = 3E40090225866D7200A8D48B /* Array+safe.swift */; };
/* End PBXBuildFile section */

/* Begin PBXFileReference section */
		3E40089F2586370600A8D48B /* MWM chors.app */ = {isa = PBXFileReference; explicitFileType = wrapper.application; includeInIndex = 0; path = "MWM chors.app"; sourceTree = BUILT_PRODUCTS_DIR; };
		3E4008A22586370600A8D48B /* AppDelegate.swift */ = {isa = PBXFileReference; lastKnownFileType = sourcecode.swift; path = AppDelegate.swift; sourceTree = "<group>"; };
		3E4008A62586370600A8D48B /* ViewController.swift */ = {isa = PBXFileReference; lastKnownFileType = sourcecode.swift; path = ViewController.swift; sourceTree = "<group>"; };
		3E4008A92586370600A8D48B /* Base */ = {isa = PBXFileReference; lastKnownFileType = file.storyboard; name = Base; path = Base.lproj/Main.storyboard; sourceTree = "<group>"; };
		3E4008AB2586370900A8D48B /* Assets.xcassets */ = {isa = PBXFileReference; lastKnownFileType = folder.assetcatalog; path = Assets.xcassets; sourceTree = "<group>"; };
		3E4008AE2586370900A8D48B /* Base */ = {isa = PBXFileReference; lastKnownFileType = file.storyboard; name = Base; path = Base.lproj/LaunchScreen.storyboard; sourceTree = "<group>"; };
		3E4008B02586370900A8D48B /* Info.plist */ = {isa = PBXFileReference; lastKnownFileType = text.plist.xml; path = Info.plist; sourceTree = "<group>"; };
		3E4008E32586571900A8D48B /* AllChordsData.swift */ = {isa = PBXFileReference; lastKnownFileType = sourcecode.swift; path = AllChordsData.swift; sourceTree = "<group>"; };
		3E4008EA25865A7800A8D48B /* NetworkController.swift */ = {isa = PBXFileReference; lastKnownFileType = sourcecode.swift; path = NetworkController.swift; sourceTree = "<group>"; };
		3E4008ED25865BE900A8D48B /* TextualError.swift */ = {isa = PBXFileReference; lastKnownFileType = sourcecode.swift; path = TextualError.swift; sourceTree = "<group>"; };
		3E4008F025865EDA00A8D48B /* PickerChordsData.swift */ = {isa = PBXFileReference; lastKnownFileType = sourcecode.swift; path = PickerChordsData.swift; sourceTree = "<group>"; };
		3E4008FC2586622600A8D48B /* AlertErrorHandler.swift */ = {isa = PBXFileReference; lastKnownFileType = sourcecode.swift; path = AlertErrorHandler.swift; sourceTree = "<group>"; };
		3E4008FF2586635600A8D48B /* ModelProvider.swift */ = {isa = PBXFileReference; lastKnownFileType = sourcecode.swift; path = ModelProvider.swift; sourceTree = "<group>"; };
		3E40090225866D7200A8D48B /* Array+safe.swift */ = {isa = PBXFileReference; lastKnownFileType = sourcecode.swift; path = "Array+safe.swift"; sourceTree = "<group>"; };
/* End PBXFileReference section */

/* Begin PBXFrameworksBuildPhase section */
		3E40089C2586370600A8D48B /* Frameworks */ = {
			isa = PBXFrameworksBuildPhase;
			buildActionMask = 2147483647;
			files = (
			);
			runOnlyForDeploymentPostprocessing = 0;
		};
/* End PBXFrameworksBuildPhase section */

/* Begin PBXGroup section */
		3E4008962586370500A8D48B = {
			isa = PBXGroup;
			children = (
				3E4008A12586370600A8D48B /* MWM chors */,
				3E4008A02586370600A8D48B /* Products */,
			);
			sourceTree = "<group>";
		};
		3E4008A02586370600A8D48B /* Products */ = {
			isa = PBXGroup;
			children = (
				3E40089F2586370600A8D48B /* MWM chors.app */,
			);
			name = Products;
			sourceTree = "<group>";
		};
		3E4008A12586370600A8D48B /* MWM chors */ = {
			isa = PBXGroup;
			children = (
				3E4008A22586370600A8D48B /* AppDelegate.swift */,
				3E4008E32586571900A8D48B /* AllChordsData.swift */,
				3E4008A62586370600A8D48B /* ViewController.swift */,
				3E4008FF2586635600A8D48B /* ModelProvider.swift */,
				3E4008EA25865A7800A8D48B /* NetworkController.swift */,
				3E4008FC2586622600A8D48B /* AlertErrorHandler.swift */,
				3E4008F025865EDA00A8D48B /* PickerChordsData.swift */,
				3E4008ED25865BE900A8D48B /* TextualError.swift */,
				3E4008A82586370600A8D48B /* Main.storyboard */,
				3E4008AB2586370900A8D48B /* Assets.xcassets */,
				3E4008AD2586370900A8D48B /* LaunchScreen.storyboard */,
				3E4008B02586370900A8D48B /* Info.plist */,
				3E40090225866D7200A8D48B /* Array+safe.swift */,
			);
			path = "MWM chors";
			sourceTree = "<group>";
		};
/* End PBXGroup section */

/* Begin PBXNativeTarget section */
		3E40089E2586370600A8D48B /* MWM chors */ = {
			isa = PBXNativeTarget;
			buildConfigurationList = 3E4008B32586370900A8D48B /* Build configuration list for PBXNativeTarget "MWM chors" */;
			buildPhases = (
				3E40089B2586370600A8D48B /* Sources */,
				3E40089C2586370600A8D48B /* Frameworks */,
				3E40089D2586370600A8D48B /* Resources */,
			);
			buildRules = (
			);
			dependencies = (
			);
			name = "MWM chors";
			productName = "MWM chors";
			productReference = 3E40089F2586370600A8D48B /* MWM chors.app */;
			productType = "com.apple.product-type.application";
		};
/* End PBXNativeTarget section */

/* Begin PBXProject section */
		3E4008972586370500A8D48B /* Project object */ = {
			isa = PBXProject;
			attributes = {
				LastSwiftUpdateCheck = 1220;
				LastUpgradeCheck = 1220;
				TargetAttributes = {
					3E40089E2586370600A8D48B = {
						CreatedOnToolsVersion = 12.2;
					};
				};
			};
			buildConfigurationList = 3E40089A2586370500A8D48B /* Build configuration list for PBXProject "MWM chors" */;
			compatibilityVersion = "Xcode 9.3";
			developmentRegion = en;
			hasScannedForEncodings = 0;
			knownRegions = (
				en,
				Base,
			);
			mainGroup = 3E4008962586370500A8D48B;
			productRefGroup = 3E4008A02586370600A8D48B /* Products */;
			projectDirPath = "";
			projectRoot = "";
			targets = (
				3E40089E2586370600A8D48B /* MWM chors */,
			);
		};
/* End PBXProject section */

/* Begin PBXResourcesBuildPhase section */
		3E40089D2586370600A8D48B /* Resources */ = {
			isa = PBXResourcesBuildPhase;
			buildActionMask = 2147483647;
			files = (
				3E4008AF2586370900A8D48B /* LaunchScreen.storyboard in Resources */,
				3E4008AC2586370900A8D48B /* Assets.xcassets in Resources */,
				3E4008AA2586370600A8D48B /* Main.storyboard in Resources */,
			);
			runOnlyForDeploymentPostprocessing = 0;
		};
/* End PBXResourcesBuildPhase section */

/* Begin PBXSourcesBuildPhase section */
		3E40089B2586370600A8D48B /* Sources */ = {
			isa = PBXSourcesBuildPhase;
			buildActionMask = 2147483647;
			files = (
				3E4008FD2586622600A8D48B /* AlertErrorHandler.swift in Sources */,
				3E4008F125865EDA00A8D48B /* PickerChordsData.swift in Sources */,
				3E4009002586635600A8D48B /* ModelProvider.swift in Sources */,
				3E40090325866D7200A8D48B /* Array+safe.swift in Sources */,
				3E4008EB25865A7800A8D48B /* NetworkController.swift in Sources */,
				3E4008EE25865BE900A8D48B /* TextualError.swift in Sources */,
				3E4008A72586370600A8D48B /* ViewController.swift in Sources */,
				3E4008A32586370600A8D48B /* AppDelegate.swift in Sources */,
				3E4008E42586571900A8D48B /* AllChordsData.swift in Sources */,
			);
			runOnlyForDeploymentPostprocessing = 0;
		};
/* End PBXSourcesBuildPhase section */

/* Begin PBXVariantGroup section */
		3E4008A82586370600A8D48B /* Main.storyboard */ = {
			isa = PBXVariantGroup;
			children = (
				3E4008A92586370600A8D48B /* Base */,
			);
			name = Main.storyboard;
			sourceTree = "<group>";
		};
		3E4008AD2586370900A8D48B /* LaunchScreen.storyboard */ = {
			isa = PBXVariantGroup;
			children = (
				3E4008AE2586370900A8D48B /* Base */,
			);
			name = LaunchScreen.storyboard;
			sourceTree = "<group>";
		};
/* End PBXVariantGroup section */

/* Begin XCBuildConfiguration section */
		3E4008B12586370900A8D48B /* Debug */ = {
			isa = XCBuildConfiguration;
			buildSettings = {
				ALWAYS_SEARCH_USER_PATHS = NO;
				CLANG_ANALYZER_NONNULL = YES;
				CLANG_ANALYZER_NUMBER_OBJECT_CONVERSION = YES_AGGRESSIVE;
				CLANG_CXX_LANGUAGE_STANDARD = "gnu++14";
				CLANG_CXX_LIBRARY = "libc++";
				CLANG_ENABLE_MODULES = YES;
				CLANG_ENABLE_OBJC_ARC = YES;
				CLANG_ENABLE_OBJC_WEAK = YES;
				CLANG_WARN_BLOCK_CAPTURE_AUTORELEASING = YES;
				CLANG_WARN_BOOL_CONVERSION = YES;
				CLANG_WARN_COMMA = YES;
				CLANG_WARN_CONSTANT_CONVERSION = YES;
				CLANG_WARN_DEPRECATED_OBJC_IMPLEMENTATIONS = YES;
				CLANG_WARN_DIRECT_OBJC_ISA_USAGE = YES_ERROR;
				CLANG_WARN_DOCUMENTATION_COMMENTS = YES;
				CLANG_WARN_EMPTY_BODY = YES;
				CLANG_WARN_ENUM_CONVERSION = YES;
				CLANG_WARN_INFINITE_RECURSION = YES;
				CLANG_WARN_INT_CONVERSION = YES;
				CLANG_WARN_NON_LITERAL_NULL_CONVERSION = YES;
				CLANG_WARN_OBJC_IMPLICIT_RETAIN_SELF = YES;
				CLANG_WARN_OBJC_LITERAL_CONVERSION = YES;
				CLANG_WARN_OBJC_ROOT_CLASS = YES_ERROR;
				CLANG_WARN_QUOTED_INCLUDE_IN_FRAMEWORK_HEADER = YES;
				CLANG_WARN_RANGE_LOOP_ANALYSIS = YES;
				CLANG_WARN_STRICT_PROTOTYPES = YES;
				CLANG_WARN_SUSPICIOUS_MOVE = YES;
				CLANG_WARN_UNGUARDED_AVAILABILITY = YES_AGGRESSIVE;
				CLANG_WARN_UNREACHABLE_CODE = YES;
				CLANG_WARN__DUPLICATE_METHOD_MATCH = YES;
				COPY_PHASE_STRIP = NO;
				DEBUG_INFORMATION_FORMAT = dwarf;
				ENABLE_STRICT_OBJC_MSGSEND = YES;
				ENABLE_TESTABILITY = YES;
				GCC_C_LANGUAGE_STANDARD = gnu11;
				GCC_DYNAMIC_NO_PIC = NO;
				GCC_NO_COMMON_BLOCKS = YES;
				GCC_OPTIMIZATION_LEVEL = 0;
				GCC_PREPROCESSOR_DEFINITIONS = (
					"DEBUG=1",
					"$(inherited)",
				);
				GCC_WARN_64_TO_32_BIT_CONVERSION = YES;
				GCC_WARN_ABOUT_RETURN_TYPE = YES_ERROR;
				GCC_WARN_UNDECLARED_SELECTOR = YES;
				GCC_WARN_UNINITIALIZED_AUTOS = YES_AGGRESSIVE;
				GCC_WARN_UNUSED_FUNCTION = YES;
				GCC_WARN_UNUSED_VARIABLE = YES;
				IPHONEOS_DEPLOYMENT_TARGET = 12.0;
				MTL_ENABLE_DEBUG_INFO = INCLUDE_SOURCE;
				MTL_FAST_MATH = YES;
				ONLY_ACTIVE_ARCH = YES;
				SDKROOT = iphoneos;
				SWIFT_ACTIVE_COMPILATION_CONDITIONS = DEBUG;
				SWIFT_OPTIMIZATION_LEVEL = "-Onone";
			};
			name = Debug;
		};
		3E4008B22586370900A8D48B /* Release */ = {
			isa = XCBuildConfiguration;
			buildSettings = {
				ALWAYS_SEARCH_USER_PATHS = NO;
				CLANG_ANALYZER_NONNULL = YES;
				CLANG_ANALYZER_NUMBER_OBJECT_CONVERSION = YES_AGGRESSIVE;
				CLANG_CXX_LANGUAGE_STANDARD = "gnu++14";
				CLANG_CXX_LIBRARY = "libc++";
				CLANG_ENABLE_MODULES = YES;
				CLANG_ENABLE_OBJC_ARC = YES;
				CLANG_ENABLE_OBJC_WEAK = YES;
				CLANG_WARN_BLOCK_CAPTURE_AUTORELEASING = YES;
				CLANG_WARN_BOOL_CONVERSION = YES;
				CLANG_WARN_COMMA = YES;
				CLANG_WARN_CONSTANT_CONVERSION = YES;
				CLANG_WARN_DEPRECATED_OBJC_IMPLEMENTATIONS = YES;
				CLANG_WARN_DIRECT_OBJC_ISA_USAGE = YES_ERROR;
				CLANG_WARN_DOCUMENTATION_COMMENTS = YES;
				CLANG_WARN_EMPTY_BODY = YES;
				CLANG_WARN_ENUM_CONVERSION = YES;
				CLANG_WARN_INFINITE_RECURSION = YES;
				CLANG_WARN_INT_CONVERSION = YES;
				CLANG_WARN_NON_LITERAL_NULL_CONVERSION = YES;
				CLANG_WARN_OBJC_IMPLICIT_RETAIN_SELF = YES;
				CLANG_WARN_OBJC_LITERAL_CONVERSION = YES;
				CLANG_WARN_OBJC_ROOT_CLASS = YES_ERROR;
				CLANG_WARN_QUOTED_INCLUDE_IN_FRAMEWORK_HEADER = YES;
				CLANG_WARN_RANGE_LOOP_ANALYSIS = YES;
				CLANG_WARN_STRICT_PROTOTYPES = YES;
				CLANG_WARN_SUSPICIOUS_MOVE = YES;
				CLANG_WARN_UNGUARDED_AVAILABILITY = YES_AGGRESSIVE;
				CLANG_WARN_UNREACHABLE_CODE = YES;
				CLANG_WARN__DUPLICATE_METHOD_MATCH = YES;
				COPY_PHASE_STRIP = NO;
				DEBUG_INFORMATION_FORMAT = "dwarf-with-dsym";
				ENABLE_NS_ASSERTIONS = NO;
				ENABLE_STRICT_OBJC_MSGSEND = YES;
				GCC_C_LANGUAGE_STANDARD = gnu11;
				GCC_NO_COMMON_BLOCKS = YES;
				GCC_WARN_64_TO_32_BIT_CONVERSION = YES;
				GCC_WARN_ABOUT_RETURN_TYPE = YES_ERROR;
				GCC_WARN_UNDECLARED_SELECTOR = YES;
				GCC_WARN_UNINITIALIZED_AUTOS = YES_AGGRESSIVE;
				GCC_WARN_UNUSED_FUNCTION = YES;
				GCC_WARN_UNUSED_VARIABLE = YES;
				IPHONEOS_DEPLOYMENT_TARGET = 12.0;
				MTL_ENABLE_DEBUG_INFO = NO;
				MTL_FAST_MATH = YES;
				SDKROOT = iphoneos;
				SWIFT_COMPILATION_MODE = wholemodule;
				SWIFT_OPTIMIZATION_LEVEL = "-O";
				VALIDATE_PRODUCT = YES;
			};
			name = Release;
		};
		3E4008B42586370900A8D48B /* Debug */ = {
			isa = XCBuildConfiguration;
			buildSettings = {
				ASSETCATALOG_COMPILER_APPICON_NAME = AppIcon;
				ASSETCATALOG_COMPILER_GLOBAL_ACCENT_COLOR_NAME = AccentColor;
				CODE_SIGN_STYLE = Automatic;
				INFOPLIST_FILE = "MWM chors/Info.plist";
				IPHONEOS_DEPLOYMENT_TARGET = 12.0;
				LD_RUNPATH_SEARCH_PATHS = (
					"$(inherited)",
					"@executable_path/Frameworks",
				);
				PRODUCT_BUNDLE_IDENTIFIER = "triada.MWM-chors";
				PRODUCT_NAME = "$(TARGET_NAME)";
				SWIFT_VERSION = 5.0;
				TARGETED_DEVICE_FAMILY = 1;
			};
			name = Debug;
		};
		3E4008B52586370900A8D48B /* Release */ = {
			isa = XCBuildConfiguration;
			buildSettings = {
				ASSETCATALOG_COMPILER_APPICON_NAME = AppIcon;
				ASSETCATALOG_COMPILER_GLOBAL_ACCENT_COLOR_NAME = AccentColor;
				CODE_SIGN_STYLE = Automatic;
				INFOPLIST_FILE = "MWM chors/Info.plist";
				IPHONEOS_DEPLOYMENT_TARGET = 12.0;
				LD_RUNPATH_SEARCH_PATHS = (
					"$(inherited)",
					"@executable_path/Frameworks",
				);
				PRODUCT_BUNDLE_IDENTIFIER = "triada.MWM-chors";
				PRODUCT_NAME = "$(TARGET_NAME)";
				SWIFT_VERSION = 5.0;
				TARGETED_DEVICE_FAMILY = 1;
			};
			name = Release;
		};
/* End XCBuildConfiguration section */

/* Begin XCConfigurationList section */
		3E40089A2586370500A8D48B /* Build configuration list for PBXProject "MWM chors" */ = {
			isa = XCConfigurationList;
			buildConfigurations = (
				3E4008B12586370900A8D48B /* Debug */,
				3E4008B22586370900A8D48B /* Release */,
			);
			defaultConfigurationIsVisible = 0;
			defaultConfigurationName = Release;
		};
		3E4008B32586370900A8D48B /* Build configuration list for PBXNativeTarget "MWM chors" */ = {
			isa = XCConfigurationList;
			buildConfigurations = (
				3E4008B42586370900A8D48B /* Debug */,
				3E4008B52586370900A8D48B /* Release */,
			);
			defaultConfigurationIsVisible = 0;
			defaultConfigurationName = Release;
		};
/* End XCConfigurationList section */
	};
	rootObject = 3E4008972586370500A8D48B /* Project object */;
}
